// !$*UTF8*$!
{
	archiveVersion = 1;
	classes = {
	};
	objectVersion = 56;
	objects = {

/* Begin PBXBuildFile section */
		1B2719882BB859AB005D7738 /* CartList.swift in Sources */ = {isa = PBXBuildFile; fileRef = 1B2719872BB859AB005D7738 /* CartList.swift */; };
		1B48AAEE2BB567B000F3A9E5 /* CartIcon.swift in Sources */ = {isa = PBXBuildFile; fileRef = 1B48AAED2BB567B000F3A9E5 /* CartIcon.swift */; };
		1B48AAF02BB56B2A00F3A9E5 /* ClothingIcon.swift in Sources */ = {isa = PBXBuildFile; fileRef = 1B48AAEF2BB56B2A00F3A9E5 /* ClothingIcon.swift */; };
		1B48AAF22BB56DBE00F3A9E5 /* ClothDataModel.swift in Sources */ = {isa = PBXBuildFile; fileRef = 1B48AAF12BB56DBE00F3A9E5 /* ClothDataModel.swift */; };
		1B48AAF42BB5762C00F3A9E5 /* CartViewModel.swift in Sources */ = {isa = PBXBuildFile; fileRef = 1B48AAF32BB5762C00F3A9E5 /* CartViewModel.swift */; };
		1B48AAF62BB58C8800F3A9E5 /* HomeView.swift in Sources */ = {isa = PBXBuildFile; fileRef = 1B48AAF52BB58C8800F3A9E5 /* HomeView.swift */; };
		1B48AAF82BB58DB900F3A9E5 /* ClothViewModel.swift in Sources */ = {isa = PBXBuildFile; fileRef = 1B48AAF72BB58DB900F3A9E5 /* ClothViewModel.swift */; };
		1B48AAFA2BB58F3800F3A9E5 /* CartModel.swift in Sources */ = {isa = PBXBuildFile; fileRef = 1B48AAF92BB58F3800F3A9E5 /* CartModel.swift */; };
		1B48AAFC2BB58F6C00F3A9E5 /* CartView.swift in Sources */ = {isa = PBXBuildFile; fileRef = 1B48AAFB2BB58F6C00F3A9E5 /* CartView.swift */; };
		424907B22BAE11F1000733A6 /* IKFashionHubApp.swift in Sources */ = {isa = PBXBuildFile; fileRef = 424907B12BAE11F1000733A6 /* IKFashionHubApp.swift */; };
		424907B42BAE11F1000733A6 /* ContentView.swift in Sources */ = {isa = PBXBuildFile; fileRef = 424907B32BAE11F1000733A6 /* ContentView.swift */; };
		424907B62BAE11F3000733A6 /* Assets.xcassets in Resources */ = {isa = PBXBuildFile; fileRef = 424907B52BAE11F3000733A6 /* Assets.xcassets */; };
		424907B92BAE11F3000733A6 /* Preview Assets.xcassets in Resources */ = {isa = PBXBuildFile; fileRef = 424907B82BAE11F3000733A6 /* Preview Assets.xcassets */; };
		424907C32BAE11F3000733A6 /* IKFashionHubTests.swift in Sources */ = {isa = PBXBuildFile; fileRef = 424907C22BAE11F3000733A6 /* IKFashionHubTests.swift */; };
		424907CD2BAE11F3000733A6 /* IKFashionHubUITests.swift in Sources */ = {isa = PBXBuildFile; fileRef = 424907CC2BAE11F3000733A6 /* IKFashionHubUITests.swift */; };
		424907CF2BAE11F3000733A6 /* IKFashionHubUITestsLaunchTests.swift in Sources */ = {isa = PBXBuildFile; fileRef = 424907CE2BAE11F3000733A6 /* IKFashionHubUITestsLaunchTests.swift */; };
		424907E02BAE12FF000733A6 /* LoginViewModel.swift in Sources */ = {isa = PBXBuildFile; fileRef = 424907DF2BAE12FF000733A6 /* LoginViewModel.swift */; };
		424907E22BAE1314000733A6 /* LoginView.swift in Sources */ = {isa = PBXBuildFile; fileRef = 424907E12BAE1314000733A6 /* LoginView.swift */; };
		424907E42BAE1335000733A6 /* LoginModel.swift in Sources */ = {isa = PBXBuildFile; fileRef = 424907E32BAE1335000733A6 /* LoginModel.swift */; };
		424907E62BAE182B000733A6 /* RegisterView.swift in Sources */ = {isa = PBXBuildFile; fileRef = 424907E52BAE182B000733A6 /* RegisterView.swift */; };
		424907E82BAE1E44000733A6 /* RegisterViewModel.swift in Sources */ = {isa = PBXBuildFile; fileRef = 424907E72BAE1E44000733A6 /* RegisterViewModel.swift */; };
		424907EA2BAE1E6F000733A6 /* RegisterModel.swift in Sources */ = {isa = PBXBuildFile; fileRef = 424907E92BAE1E6F000733A6 /* RegisterModel.swift */; };
		BDC5AD442BB98A6C00DF0B8D /* ProductDetailView.swift in Sources */ = {isa = PBXBuildFile; fileRef = BDC5AD432BB98A6C00DF0B8D /* ProductDetailView.swift */; };
		BDC5AD462BB9BEEB00DF0B8D /* UserViewModel.swift in Sources */ = {isa = PBXBuildFile; fileRef = BDC5AD452BB9BEEB00DF0B8D /* UserViewModel.swift */; };
		BDC5AD482BB9BF3500DF0B8D /* UserDataModel.swift in Sources */ = {isa = PBXBuildFile; fileRef = BDC5AD472BB9BF3500DF0B8D /* UserDataModel.swift */; };
		BDC5AD4A2BB9C4F500DF0B8D /* OrderViewModel.swift in Sources */ = {isa = PBXBuildFile; fileRef = BDC5AD492BB9C4F500DF0B8D /* OrderViewModel.swift */; };
		BDC5AD4E2BB9C6F700DF0B8D /* OrderDataModel.swift in Sources */ = {isa = PBXBuildFile; fileRef = BDC5AD4D2BB9C6F700DF0B8D /* OrderDataModel.swift */; };
/* End PBXBuildFile section */

/* Begin PBXContainerItemProxy section */
		424907BF2BAE11F3000733A6 /* PBXContainerItemProxy */ = {
			isa = PBXContainerItemProxy;
			containerPortal = 424907A62BAE11F0000733A6 /* Project object */;
			proxyType = 1;
			remoteGlobalIDString = 424907AD2BAE11F1000733A6;
			remoteInfo = IKFashionHub;
		};
		424907C92BAE11F3000733A6 /* PBXContainerItemProxy */ = {
			isa = PBXContainerItemProxy;
			containerPortal = 424907A62BAE11F0000733A6 /* Project object */;
			proxyType = 1;
			remoteGlobalIDString = 424907AD2BAE11F1000733A6;
			remoteInfo = IKFashionHub;
		};
/* End PBXContainerItemProxy section */

/* Begin PBXFileReference section */
		1B2719872BB859AB005D7738 /* CartList.swift */ = {isa = PBXFileReference; lastKnownFileType = sourcecode.swift; path = CartList.swift; sourceTree = "<group>"; };
		1B48AAED2BB567B000F3A9E5 /* CartIcon.swift */ = {isa = PBXFileReference; lastKnownFileType = sourcecode.swift; path = CartIcon.swift; sourceTree = "<group>"; };
		1B48AAEF2BB56B2A00F3A9E5 /* ClothingIcon.swift */ = {isa = PBXFileReference; lastKnownFileType = sourcecode.swift; path = ClothingIcon.swift; sourceTree = "<group>"; };
		1B48AAF12BB56DBE00F3A9E5 /* ClothDataModel.swift */ = {isa = PBXFileReference; lastKnownFileType = sourcecode.swift; path = ClothDataModel.swift; sourceTree = "<group>"; };
		1B48AAF32BB5762C00F3A9E5 /* CartViewModel.swift */ = {isa = PBXFileReference; lastKnownFileType = sourcecode.swift; path = CartViewModel.swift; sourceTree = "<group>"; };
		1B48AAF52BB58C8800F3A9E5 /* HomeView.swift */ = {isa = PBXFileReference; lastKnownFileType = sourcecode.swift; path = HomeView.swift; sourceTree = "<group>"; };
		1B48AAF72BB58DB900F3A9E5 /* ClothViewModel.swift */ = {isa = PBXFileReference; lastKnownFileType = sourcecode.swift; path = ClothViewModel.swift; sourceTree = "<group>"; };
		1B48AAF92BB58F3800F3A9E5 /* CartModel.swift */ = {isa = PBXFileReference; lastKnownFileType = sourcecode.swift; path = CartModel.swift; sourceTree = "<group>"; };
		1B48AAFB2BB58F6C00F3A9E5 /* CartView.swift */ = {isa = PBXFileReference; lastKnownFileType = sourcecode.swift; path = CartView.swift; sourceTree = "<group>"; };
		424907AE2BAE11F1000733A6 /* IKFashionHub.app */ = {isa = PBXFileReference; explicitFileType = wrapper.application; includeInIndex = 0; path = IKFashionHub.app; sourceTree = BUILT_PRODUCTS_DIR; };
		424907B12BAE11F1000733A6 /* IKFashionHubApp.swift */ = {isa = PBXFileReference; lastKnownFileType = sourcecode.swift; path = IKFashionHubApp.swift; sourceTree = "<group>"; };
		424907B32BAE11F1000733A6 /* ContentView.swift */ = {isa = PBXFileReference; lastKnownFileType = sourcecode.swift; path = ContentView.swift; sourceTree = "<group>"; };
		424907B52BAE11F3000733A6 /* Assets.xcassets */ = {isa = PBXFileReference; lastKnownFileType = folder.assetcatalog; path = Assets.xcassets; sourceTree = "<group>"; };
		424907B82BAE11F3000733A6 /* Preview Assets.xcassets */ = {isa = PBXFileReference; lastKnownFileType = folder.assetcatalog; path = "Preview Assets.xcassets"; sourceTree = "<group>"; };
		424907BE2BAE11F3000733A6 /* IKFashionHubTests.xctest */ = {isa = PBXFileReference; explicitFileType = wrapper.cfbundle; includeInIndex = 0; path = IKFashionHubTests.xctest; sourceTree = BUILT_PRODUCTS_DIR; };
		424907C22BAE11F3000733A6 /* IKFashionHubTests.swift */ = {isa = PBXFileReference; lastKnownFileType = sourcecode.swift; path = IKFashionHubTests.swift; sourceTree = "<group>"; };
		424907C82BAE11F3000733A6 /* IKFashionHubUITests.xctest */ = {isa = PBXFileReference; explicitFileType = wrapper.cfbundle; includeInIndex = 0; path = IKFashionHubUITests.xctest; sourceTree = BUILT_PRODUCTS_DIR; };
		424907CC2BAE11F3000733A6 /* IKFashionHubUITests.swift */ = {isa = PBXFileReference; lastKnownFileType = sourcecode.swift; path = IKFashionHubUITests.swift; sourceTree = "<group>"; };
		424907CE2BAE11F3000733A6 /* IKFashionHubUITestsLaunchTests.swift */ = {isa = PBXFileReference; lastKnownFileType = sourcecode.swift; path = IKFashionHubUITestsLaunchTests.swift; sourceTree = "<group>"; };
		424907DF2BAE12FF000733A6 /* LoginViewModel.swift */ = {isa = PBXFileReference; lastKnownFileType = sourcecode.swift; path = LoginViewModel.swift; sourceTree = "<group>"; };
		424907E12BAE1314000733A6 /* LoginView.swift */ = {isa = PBXFileReference; lastKnownFileType = sourcecode.swift; path = LoginView.swift; sourceTree = "<group>"; };
		424907E32BAE1335000733A6 /* LoginModel.swift */ = {isa = PBXFileReference; lastKnownFileType = sourcecode.swift; path = LoginModel.swift; sourceTree = "<group>"; };
		424907E52BAE182B000733A6 /* RegisterView.swift */ = {isa = PBXFileReference; lastKnownFileType = sourcecode.swift; path = RegisterView.swift; sourceTree = "<group>"; };
		424907E72BAE1E44000733A6 /* RegisterViewModel.swift */ = {isa = PBXFileReference; lastKnownFileType = sourcecode.swift; path = RegisterViewModel.swift; sourceTree = "<group>"; };
		424907E92BAE1E6F000733A6 /* RegisterModel.swift */ = {isa = PBXFileReference; lastKnownFileType = sourcecode.swift; path = RegisterModel.swift; sourceTree = "<group>"; };
		BDC5AD432BB98A6C00DF0B8D /* ProductDetailView.swift */ = {isa = PBXFileReference; lastKnownFileType = sourcecode.swift; path = ProductDetailView.swift; sourceTree = "<group>"; };
		BDC5AD452BB9BEEB00DF0B8D /* UserViewModel.swift */ = {isa = PBXFileReference; lastKnownFileType = sourcecode.swift; path = UserViewModel.swift; sourceTree = "<group>"; };
		BDC5AD472BB9BF3500DF0B8D /* UserDataModel.swift */ = {isa = PBXFileReference; lastKnownFileType = sourcecode.swift; path = UserDataModel.swift; sourceTree = "<group>"; };
		BDC5AD492BB9C4F500DF0B8D /* OrderViewModel.swift */ = {isa = PBXFileReference; lastKnownFileType = sourcecode.swift; path = OrderViewModel.swift; sourceTree = "<group>"; };
		BDC5AD4D2BB9C6F700DF0B8D /* OrderDataModel.swift */ = {isa = PBXFileReference; lastKnownFileType = sourcecode.swift; path = OrderDataModel.swift; sourceTree = "<group>"; };
/* End PBXFileReference section */

/* Begin PBXFrameworksBuildPhase section */
		424907AB2BAE11F1000733A6 /* Frameworks */ = {
			isa = PBXFrameworksBuildPhase;
			buildActionMask = 2147483647;
			files = (
			);
			runOnlyForDeploymentPostprocessing = 0;
		};
		424907BB2BAE11F3000733A6 /* Frameworks */ = {
			isa = PBXFrameworksBuildPhase;
			buildActionMask = 2147483647;
			files = (
			);
			runOnlyForDeploymentPostprocessing = 0;
		};
		424907C52BAE11F3000733A6 /* Frameworks */ = {
			isa = PBXFrameworksBuildPhase;
			buildActionMask = 2147483647;
			files = (
			);
			runOnlyForDeploymentPostprocessing = 0;
		};
/* End PBXFrameworksBuildPhase section */

/* Begin PBXGroup section */
		1B48AAEC2BB5676B00F3A9E5 /* Components */ = {
			isa = PBXGroup;
			children = (
				1B48AAED2BB567B000F3A9E5 /* CartIcon.swift */,
				1B48AAEF2BB56B2A00F3A9E5 /* ClothingIcon.swift */,
				1B2719872BB859AB005D7738 /* CartList.swift */,
			);
			path = Components;
			sourceTree = "<group>";
		};
		424907A52BAE11F0000733A6 = {
			isa = PBXGroup;
			children = (
				1B48AAEC2BB5676B00F3A9E5 /* Components */,
				424907DE2BAE126C000733A6 /* ViewModels */,
				424907DD2BAE1260000733A6 /* Views */,
				424907DB2BAE122C000733A6 /* Models */,
				424907B02BAE11F1000733A6 /* IKFashionHub */,
				424907C12BAE11F3000733A6 /* IKFashionHubTests */,
				424907CB2BAE11F3000733A6 /* IKFashionHubUITests */,
				424907AF2BAE11F1000733A6 /* Products */,
			);
			sourceTree = "<group>";
		};
		424907AF2BAE11F1000733A6 /* Products */ = {
			isa = PBXGroup;
			children = (
				424907AE2BAE11F1000733A6 /* IKFashionHub.app */,
				424907BE2BAE11F3000733A6 /* IKFashionHubTests.xctest */,
				424907C82BAE11F3000733A6 /* IKFashionHubUITests.xctest */,
			);
			name = Products;
			sourceTree = "<group>";
		};
		424907B02BAE11F1000733A6 /* IKFashionHub */ = {
			isa = PBXGroup;
			children = (
				424907B12BAE11F1000733A6 /* IKFashionHubApp.swift */,
				424907B32BAE11F1000733A6 /* ContentView.swift */,
				424907B52BAE11F3000733A6 /* Assets.xcassets */,
				424907B72BAE11F3000733A6 /* Preview Content */,
			);
			path = IKFashionHub;
			sourceTree = "<group>";
		};
		424907B72BAE11F3000733A6 /* Preview Content */ = {
			isa = PBXGroup;
			children = (
				424907B82BAE11F3000733A6 /* Preview Assets.xcassets */,
			);
			path = "Preview Content";
			sourceTree = "<group>";
		};
		424907C12BAE11F3000733A6 /* IKFashionHubTests */ = {
			isa = PBXGroup;
			children = (
				424907C22BAE11F3000733A6 /* IKFashionHubTests.swift */,
			);
			path = IKFashionHubTests;
			sourceTree = "<group>";
		};
		424907CB2BAE11F3000733A6 /* IKFashionHubUITests */ = {
			isa = PBXGroup;
			children = (
				424907CC2BAE11F3000733A6 /* IKFashionHubUITests.swift */,
				424907CE2BAE11F3000733A6 /* IKFashionHubUITestsLaunchTests.swift */,
			);
			path = IKFashionHubUITests;
			sourceTree = "<group>";
		};
		424907DB2BAE122C000733A6 /* Models */ = {
			isa = PBXGroup;
			children = (
				424907E32BAE1335000733A6 /* LoginModel.swift */,
				424907E92BAE1E6F000733A6 /* RegisterModel.swift */,
				1B48AAF12BB56DBE00F3A9E5 /* ClothDataModel.swift */,
				1B48AAF92BB58F3800F3A9E5 /* CartModel.swift */,
				BDC5AD472BB9BF3500DF0B8D /* UserDataModel.swift */,
				BDC5AD4D2BB9C6F700DF0B8D /* OrderDataModel.swift */,
			);
			path = Models;
			sourceTree = "<group>";
		};
		424907DD2BAE1260000733A6 /* Views */ = {
			isa = PBXGroup;
			children = (
				424907E12BAE1314000733A6 /* LoginView.swift */,
				424907E52BAE182B000733A6 /* RegisterView.swift */,
				1B48AAF52BB58C8800F3A9E5 /* HomeView.swift */,
				1B48AAFB2BB58F6C00F3A9E5 /* CartView.swift */,
				BDC5AD432BB98A6C00DF0B8D /* ProductDetailView.swift */,
			);
			path = Views;
			sourceTree = "<group>";
		};
		424907DE2BAE126C000733A6 /* ViewModels */ = {
			isa = PBXGroup;
			children = (
				424907DF2BAE12FF000733A6 /* LoginViewModel.swift */,
				424907E72BAE1E44000733A6 /* RegisterViewModel.swift */,
				1B48AAF32BB5762C00F3A9E5 /* CartViewModel.swift */,
				1B48AAF72BB58DB900F3A9E5 /* ClothViewModel.swift */,
				BDC5AD452BB9BEEB00DF0B8D /* UserViewModel.swift */,
				BDC5AD492BB9C4F500DF0B8D /* OrderViewModel.swift */,
			);
			path = ViewModels;
			sourceTree = "<group>";
		};
/* End PBXGroup section */

/* Begin PBXNativeTarget section */
		424907AD2BAE11F1000733A6 /* IKFashionHub */ = {
			isa = PBXNativeTarget;
			buildConfigurationList = 424907D22BAE11F3000733A6 /* Build configuration list for PBXNativeTarget "IKFashionHub" */;
			buildPhases = (
				424907AA2BAE11F1000733A6 /* Sources */,
				424907AB2BAE11F1000733A6 /* Frameworks */,
				424907AC2BAE11F1000733A6 /* Resources */,
			);
			buildRules = (
			);
			dependencies = (
			);
			name = IKFashionHub;
			productName = IKFashionHub;
			productReference = 424907AE2BAE11F1000733A6 /* IKFashionHub.app */;
			productType = "com.apple.product-type.application";
		};
		424907BD2BAE11F3000733A6 /* IKFashionHubTests */ = {
			isa = PBXNativeTarget;
			buildConfigurationList = 424907D52BAE11F3000733A6 /* Build configuration list for PBXNativeTarget "IKFashionHubTests" */;
			buildPhases = (
				424907BA2BAE11F3000733A6 /* Sources */,
				424907BB2BAE11F3000733A6 /* Frameworks */,
				424907BC2BAE11F3000733A6 /* Resources */,
			);
			buildRules = (
			);
			dependencies = (
				424907C02BAE11F3000733A6 /* PBXTargetDependency */,
			);
			name = IKFashionHubTests;
			productName = IKFashionHubTests;
			productReference = 424907BE2BAE11F3000733A6 /* IKFashionHubTests.xctest */;
			productType = "com.apple.product-type.bundle.unit-test";
		};
		424907C72BAE11F3000733A6 /* IKFashionHubUITests */ = {
			isa = PBXNativeTarget;
			buildConfigurationList = 424907D82BAE11F3000733A6 /* Build configuration list for PBXNativeTarget "IKFashionHubUITests" */;
			buildPhases = (
				424907C42BAE11F3000733A6 /* Sources */,
				424907C52BAE11F3000733A6 /* Frameworks */,
				424907C62BAE11F3000733A6 /* Resources */,
			);
			buildRules = (
			);
			dependencies = (
				424907CA2BAE11F3000733A6 /* PBXTargetDependency */,
			);
			name = IKFashionHubUITests;
			productName = IKFashionHubUITests;
			productReference = 424907C82BAE11F3000733A6 /* IKFashionHubUITests.xctest */;
			productType = "com.apple.product-type.bundle.ui-testing";
		};
/* End PBXNativeTarget section */

/* Begin PBXProject section */
		424907A62BAE11F0000733A6 /* Project object */ = {
			isa = PBXProject;
			attributes = {
				BuildIndependentTargetsInParallel = 1;
				LastSwiftUpdateCheck = 1510;
				LastUpgradeCheck = 1510;
				TargetAttributes = {
					424907AD2BAE11F1000733A6 = {
						CreatedOnToolsVersion = 15.1;
					};
					424907BD2BAE11F3000733A6 = {
						CreatedOnToolsVersion = 15.1;
						TestTargetID = 424907AD2BAE11F1000733A6;
					};
					424907C72BAE11F3000733A6 = {
						CreatedOnToolsVersion = 15.1;
						TestTargetID = 424907AD2BAE11F1000733A6;
					};
				};
			};
			buildConfigurationList = 424907A92BAE11F0000733A6 /* Build configuration list for PBXProject "IKFashionHub" */;
			compatibilityVersion = "Xcode 14.0";
			developmentRegion = en;
			hasScannedForEncodings = 0;
			knownRegions = (
				en,
				Base,
			);
			mainGroup = 424907A52BAE11F0000733A6;
			productRefGroup = 424907AF2BAE11F1000733A6 /* Products */;
			projectDirPath = "";
			projectRoot = "";
			targets = (
				424907AD2BAE11F1000733A6 /* IKFashionHub */,
				424907BD2BAE11F3000733A6 /* IKFashionHubTests */,
				424907C72BAE11F3000733A6 /* IKFashionHubUITests */,
			);
		};
/* End PBXProject section */

/* Begin PBXResourcesBuildPhase section */
		424907AC2BAE11F1000733A6 /* Resources */ = {
			isa = PBXResourcesBuildPhase;
			buildActionMask = 2147483647;
			files = (
				424907B92BAE11F3000733A6 /* Preview Assets.xcassets in Resources */,
				424907B62BAE11F3000733A6 /* Assets.xcassets in Resources */,
			);
			runOnlyForDeploymentPostprocessing = 0;
		};
		424907BC2BAE11F3000733A6 /* Resources */ = {
			isa = PBXResourcesBuildPhase;
			buildActionMask = 2147483647;
			files = (
			);
			runOnlyForDeploymentPostprocessing = 0;
		};
		424907C62BAE11F3000733A6 /* Resources */ = {
			isa = PBXResourcesBuildPhase;
			buildActionMask = 2147483647;
			files = (
			);
			runOnlyForDeploymentPostprocessing = 0;
		};
/* End PBXResourcesBuildPhase section */

/* Begin PBXSourcesBuildPhase section */
		424907AA2BAE11F1000733A6 /* Sources */ = {
			isa = PBXSourcesBuildPhase;
			buildActionMask = 2147483647;
			files = (
				1B48AAFA2BB58F3800F3A9E5 /* CartModel.swift in Sources */,
				1B48AAF82BB58DB900F3A9E5 /* ClothViewModel.swift in Sources */,
				1B48AAF42BB5762C00F3A9E5 /* CartViewModel.swift in Sources */,
				1B48AAF02BB56B2A00F3A9E5 /* ClothingIcon.swift in Sources */,
				1B48AAF62BB58C8800F3A9E5 /* HomeView.swift in Sources */,
				424907E42BAE1335000733A6 /* LoginModel.swift in Sources */,
				424907E82BAE1E44000733A6 /* RegisterViewModel.swift in Sources */,
				424907B42BAE11F1000733A6 /* ContentView.swift in Sources */,
				1B2719882BB859AB005D7738 /* CartList.swift in Sources */,
				1B48AAF22BB56DBE00F3A9E5 /* ClothDataModel.swift in Sources */,
				424907B22BAE11F1000733A6 /* IKFashionHubApp.swift in Sources */,
				1B48AAEE2BB567B000F3A9E5 /* CartIcon.swift in Sources */,
				BDC5AD4A2BB9C4F500DF0B8D /* OrderViewModel.swift in Sources */,
				424907EA2BAE1E6F000733A6 /* RegisterModel.swift in Sources */,
				BDC5AD482BB9BF3500DF0B8D /* UserDataModel.swift in Sources */,
				BDC5AD462BB9BEEB00DF0B8D /* UserViewModel.swift in Sources */,
				424907E62BAE182B000733A6 /* RegisterView.swift in Sources */,
				424907E22BAE1314000733A6 /* LoginView.swift in Sources */,
				BDC5AD4E2BB9C6F700DF0B8D /* OrderDataModel.swift in Sources */,
				1B48AAFC2BB58F6C00F3A9E5 /* CartView.swift in Sources */,
				424907E02BAE12FF000733A6 /* LoginViewModel.swift in Sources */,
				BDC5AD442BB98A6C00DF0B8D /* ProductDetailView.swift in Sources */,
			);
			runOnlyForDeploymentPostprocessing = 0;
		};
		424907BA2BAE11F3000733A6 /* Sources */ = {
			isa = PBXSourcesBuildPhase;
			buildActionMask = 2147483647;
			files = (
				424907C32BAE11F3000733A6 /* IKFashionHubTests.swift in Sources */,
			);
			runOnlyForDeploymentPostprocessing = 0;
		};
		424907C42BAE11F3000733A6 /* Sources */ = {
			isa = PBXSourcesBuildPhase;
			buildActionMask = 2147483647;
			files = (
				424907CD2BAE11F3000733A6 /* IKFashionHubUITests.swift in Sources */,
				424907CF2BAE11F3000733A6 /* IKFashionHubUITestsLaunchTests.swift in Sources */,
			);
			runOnlyForDeploymentPostprocessing = 0;
		};
/* End PBXSourcesBuildPhase section */

/* Begin PBXTargetDependency section */
		424907C02BAE11F3000733A6 /* PBXTargetDependency */ = {
			isa = PBXTargetDependency;
			target = 424907AD2BAE11F1000733A6 /* IKFashionHub */;
			targetProxy = 424907BF2BAE11F3000733A6 /* PBXContainerItemProxy */;
		};
		424907CA2BAE11F3000733A6 /* PBXTargetDependency */ = {
			isa = PBXTargetDependency;
			target = 424907AD2BAE11F1000733A6 /* IKFashionHub */;
			targetProxy = 424907C92BAE11F3000733A6 /* PBXContainerItemProxy */;
		};
/* End PBXTargetDependency section */

/* Begin XCBuildConfiguration section */
		424907D02BAE11F3000733A6 /* Debug */ = {
			isa = XCBuildConfiguration;
			buildSettings = {
				ALWAYS_SEARCH_USER_PATHS = NO;
				ASSETCATALOG_COMPILER_GENERATE_SWIFT_ASSET_SYMBOL_EXTENSIONS = YES;
				CLANG_ANALYZER_NONNULL = YES;
				CLANG_ANALYZER_NUMBER_OBJECT_CONVERSION = YES_AGGRESSIVE;
				CLANG_CXX_LANGUAGE_STANDARD = "gnu++20";
				CLANG_ENABLE_MODULES = YES;
				CLANG_ENABLE_OBJC_ARC = YES;
				CLANG_ENABLE_OBJC_WEAK = YES;
				CLANG_WARN_BLOCK_CAPTURE_AUTORELEASING = YES;
				CLANG_WARN_BOOL_CONVERSION = YES;
				CLANG_WARN_COMMA = YES;
				CLANG_WARN_CONSTANT_CONVERSION = YES;
				CLANG_WARN_DEPRECATED_OBJC_IMPLEMENTATIONS = YES;
				CLANG_WARN_DIRECT_OBJC_ISA_USAGE = YES_ERROR;
				CLANG_WARN_DOCUMENTATION_COMMENTS = YES;
				CLANG_WARN_EMPTY_BODY = YES;
				CLANG_WARN_ENUM_CONVERSION = YES;
				CLANG_WARN_INFINITE_RECURSION = YES;
				CLANG_WARN_INT_CONVERSION = YES;
				CLANG_WARN_NON_LITERAL_NULL_CONVERSION = YES;
				CLANG_WARN_OBJC_IMPLICIT_RETAIN_SELF = YES;
				CLANG_WARN_OBJC_LITERAL_CONVERSION = YES;
				CLANG_WARN_OBJC_ROOT_CLASS = YES_ERROR;
				CLANG_WARN_QUOTED_INCLUDE_IN_FRAMEWORK_HEADER = YES;
				CLANG_WARN_RANGE_LOOP_ANALYSIS = YES;
				CLANG_WARN_STRICT_PROTOTYPES = YES;
				CLANG_WARN_SUSPICIOUS_MOVE = YES;
				CLANG_WARN_UNGUARDED_AVAILABILITY = YES_AGGRESSIVE;
				CLANG_WARN_UNREACHABLE_CODE = YES;
				CLANG_WARN__DUPLICATE_METHOD_MATCH = YES;
				COPY_PHASE_STRIP = NO;
				DEBUG_INFORMATION_FORMAT = dwarf;
				ENABLE_STRICT_OBJC_MSGSEND = YES;
				ENABLE_TESTABILITY = YES;
				ENABLE_USER_SCRIPT_SANDBOXING = YES;
				GCC_C_LANGUAGE_STANDARD = gnu17;
				GCC_DYNAMIC_NO_PIC = NO;
				GCC_NO_COMMON_BLOCKS = YES;
				GCC_OPTIMIZATION_LEVEL = 0;
				GCC_PREPROCESSOR_DEFINITIONS = (
					"DEBUG=1",
					"$(inherited)",
				);
				GCC_WARN_64_TO_32_BIT_CONVERSION = YES;
				GCC_WARN_ABOUT_RETURN_TYPE = YES_ERROR;
				GCC_WARN_UNDECLARED_SELECTOR = YES;
				GCC_WARN_UNINITIALIZED_AUTOS = YES_AGGRESSIVE;
				GCC_WARN_UNUSED_FUNCTION = YES;
				GCC_WARN_UNUSED_VARIABLE = YES;
				IPHONEOS_DEPLOYMENT_TARGET = 17.2;
				LOCALIZATION_PREFERS_STRING_CATALOGS = YES;
				MTL_ENABLE_DEBUG_INFO = INCLUDE_SOURCE;
				MTL_FAST_MATH = YES;
				ONLY_ACTIVE_ARCH = YES;
				SDKROOT = iphoneos;
				SWIFT_ACTIVE_COMPILATION_CONDITIONS = "DEBUG $(inherited)";
				SWIFT_OPTIMIZATION_LEVEL = "-Onone";
			};
			name = Debug;
		};
		424907D12BAE11F3000733A6 /* Release */ = {
			isa = XCBuildConfiguration;
			buildSettings = {
				ALWAYS_SEARCH_USER_PATHS = NO;
				ASSETCATALOG_COMPILER_GENERATE_SWIFT_ASSET_SYMBOL_EXTENSIONS = YES;
				CLANG_ANALYZER_NONNULL = YES;
				CLANG_ANALYZER_NUMBER_OBJECT_CONVERSION = YES_AGGRESSIVE;
				CLANG_CXX_LANGUAGE_STANDARD = "gnu++20";
				CLANG_ENABLE_MODULES = YES;
				CLANG_ENABLE_OBJC_ARC = YES;
				CLANG_ENABLE_OBJC_WEAK = YES;
				CLANG_WARN_BLOCK_CAPTURE_AUTORELEASING = YES;
				CLANG_WARN_BOOL_CONVERSION = YES;
				CLANG_WARN_COMMA = YES;
				CLANG_WARN_CONSTANT_CONVERSION = YES;
				CLANG_WARN_DEPRECATED_OBJC_IMPLEMENTATIONS = YES;
				CLANG_WARN_DIRECT_OBJC_ISA_USAGE = YES_ERROR;
				CLANG_WARN_DOCUMENTATION_COMMENTS = YES;
				CLANG_WARN_EMPTY_BODY = YES;
				CLANG_WARN_ENUM_CONVERSION = YES;
				CLANG_WARN_INFINITE_RECURSION = YES;
				CLANG_WARN_INT_CONVERSION = YES;
				CLANG_WARN_NON_LITERAL_NULL_CONVERSION = YES;
				CLANG_WARN_OBJC_IMPLICIT_RETAIN_SELF = YES;
				CLANG_WARN_OBJC_LITERAL_CONVERSION = YES;
				CLANG_WARN_OBJC_ROOT_CLASS = YES_ERROR;
				CLANG_WARN_QUOTED_INCLUDE_IN_FRAMEWORK_HEADER = YES;
				CLANG_WARN_RANGE_LOOP_ANALYSIS = YES;
				CLANG_WARN_STRICT_PROTOTYPES = YES;
				CLANG_WARN_SUSPICIOUS_MOVE = YES;
				CLANG_WARN_UNGUARDED_AVAILABILITY = YES_AGGRESSIVE;
				CLANG_WARN_UNREACHABLE_CODE = YES;
				CLANG_WARN__DUPLICATE_METHOD_MATCH = YES;
				COPY_PHASE_STRIP = NO;
				DEBUG_INFORMATION_FORMAT = "dwarf-with-dsym";
				ENABLE_NS_ASSERTIONS = NO;
				ENABLE_STRICT_OBJC_MSGSEND = YES;
				ENABLE_USER_SCRIPT_SANDBOXING = YES;
				GCC_C_LANGUAGE_STANDARD = gnu17;
				GCC_NO_COMMON_BLOCKS = YES;
				GCC_WARN_64_TO_32_BIT_CONVERSION = YES;
				GCC_WARN_ABOUT_RETURN_TYPE = YES_ERROR;
				GCC_WARN_UNDECLARED_SELECTOR = YES;
				GCC_WARN_UNINITIALIZED_AUTOS = YES_AGGRESSIVE;
				GCC_WARN_UNUSED_FUNCTION = YES;
				GCC_WARN_UNUSED_VARIABLE = YES;
				IPHONEOS_DEPLOYMENT_TARGET = 17.2;
				LOCALIZATION_PREFERS_STRING_CATALOGS = YES;
				MTL_ENABLE_DEBUG_INFO = NO;
				MTL_FAST_MATH = YES;
				SDKROOT = iphoneos;
				SWIFT_COMPILATION_MODE = wholemodule;
				VALIDATE_PRODUCT = YES;
			};
			name = Release;
		};
		424907D32BAE11F3000733A6 /* Debug */ = {
			isa = XCBuildConfiguration;
			buildSettings = {
				ASSETCATALOG_COMPILER_APPICON_NAME = AppIcon;
				ASSETCATALOG_COMPILER_GLOBAL_ACCENT_COLOR_NAME = AccentColor;
				CODE_SIGN_STYLE = Automatic;
				CURRENT_PROJECT_VERSION = 1;
				DEVELOPMENT_ASSET_PATHS = "\"IKFashionHub/Preview Content\"";
				ENABLE_PREVIEWS = YES;
				GENERATE_INFOPLIST_FILE = YES;
				INFOPLIST_KEY_UIApplicationSceneManifest_Generation = YES;
				INFOPLIST_KEY_UIApplicationSupportsIndirectInputEvents = YES;
				INFOPLIST_KEY_UILaunchScreen_Generation = YES;
				INFOPLIST_KEY_UISupportedInterfaceOrientations_iPad = "UIInterfaceOrientationPortrait UIInterfaceOrientationPortraitUpsideDown UIInterfaceOrientationLandscapeLeft UIInterfaceOrientationLandscapeRight";
				INFOPLIST_KEY_UISupportedInterfaceOrientations_iPhone = "UIInterfaceOrientationPortrait UIInterfaceOrientationLandscapeLeft UIInterfaceOrientationLandscapeRight";
				IPHONEOS_DEPLOYMENT_TARGET = 17.0;
				LD_RUNPATH_SEARCH_PATHS = (
					"$(inherited)",
					"@executable_path/Frameworks",
				);
				MARKETING_VERSION = 1.0;
				PRODUCT_BUNDLE_IDENTIFIER = Ishan.IKFashionHub;
				PRODUCT_NAME = "$(TARGET_NAME)";
				SWIFT_EMIT_LOC_STRINGS = YES;
				SWIFT_VERSION = 5.0;
				TARGETED_DEVICE_FAMILY = "1,2";
			};
			name = Debug;
		};
		424907D42BAE11F3000733A6 /* Release */ = {
			isa = XCBuildConfiguration;
			buildSettings = {
				ASSETCATALOG_COMPILER_APPICON_NAME = AppIcon;
				ASSETCATALOG_COMPILER_GLOBAL_ACCENT_COLOR_NAME = AccentColor;
				CODE_SIGN_STYLE = Automatic;
				CURRENT_PROJECT_VERSION = 1;
				DEVELOPMENT_ASSET_PATHS = "\"IKFashionHub/Preview Content\"";
				ENABLE_PREVIEWS = YES;
				GENERATE_INFOPLIST_FILE = YES;
				INFOPLIST_KEY_UIApplicationSceneManifest_Generation = YES;
				INFOPLIST_KEY_UIApplicationSupportsIndirectInputEvents = YES;
				INFOPLIST_KEY_UILaunchScreen_Generation = YES;
				INFOPLIST_KEY_UISupportedInterfaceOrientations_iPad = "UIInterfaceOrientationPortrait UIInterfaceOrientationPortraitUpsideDown UIInterfaceOrientationLandscapeLeft UIInterfaceOrientationLandscapeRight";
				INFOPLIST_KEY_UISupportedInterfaceOrientations_iPhone = "UIInterfaceOrientationPortrait UIInterfaceOrientationLandscapeLeft UIInterfaceOrientationLandscapeRight";
				IPHONEOS_DEPLOYMENT_TARGET = 17.0;
				LD_RUNPATH_SEARCH_PATHS = (
					"$(inherited)",
					"@executable_path/Frameworks",
				);
				MARKETING_VERSION = 1.0;
				PRODUCT_BUNDLE_IDENTIFIER = Ishan.IKFashionHub;
				PRODUCT_NAME = "$(TARGET_NAME)";
				SWIFT_EMIT_LOC_STRINGS = YES;
				SWIFT_VERSION = 5.0;
				TARGETED_DEVICE_FAMILY = "1,2";
			};
			name = Release;
		};
		424907D62BAE11F3000733A6 /* Debug */ = {
			isa = XCBuildConfiguration;
			buildSettings = {
				ALWAYS_EMBED_SWIFT_STANDARD_LIBRARIES = YES;
				BUNDLE_LOADER = "$(TEST_HOST)";
				CODE_SIGN_STYLE = Automatic;
				CURRENT_PROJECT_VERSION = 1;
				GENERATE_INFOPLIST_FILE = YES;
				IPHONEOS_DEPLOYMENT_TARGET = 17.2;
				MARKETING_VERSION = 1.0;
				PRODUCT_BUNDLE_IDENTIFIER = Ishan.IKFashionHubTests;
				PRODUCT_NAME = "$(TARGET_NAME)";
				SWIFT_EMIT_LOC_STRINGS = NO;
				SWIFT_VERSION = 5.0;
				TARGETED_DEVICE_FAMILY = "1,2";
				TEST_HOST = "$(BUILT_PRODUCTS_DIR)/IKFashionHub.app/$(BUNDLE_EXECUTABLE_FOLDER_PATH)/IKFashionHub";
			};
			name = Debug;
		};
		424907D72BAE11F3000733A6 /* Release */ = {
			isa = XCBuildConfiguration;
			buildSettings = {
				ALWAYS_EMBED_SWIFT_STANDARD_LIBRARIES = YES;
				BUNDLE_LOADER = "$(TEST_HOST)";
				CODE_SIGN_STYLE = Automatic;
				CURRENT_PROJECT_VERSION = 1;
				GENERATE_INFOPLIST_FILE = YES;
				IPHONEOS_DEPLOYMENT_TARGET = 17.2;
				MARKETING_VERSION = 1.0;
				PRODUCT_BUNDLE_IDENTIFIER = Ishan.IKFashionHubTests;
				PRODUCT_NAME = "$(TARGET_NAME)";
				SWIFT_EMIT_LOC_STRINGS = NO;
				SWIFT_VERSION = 5.0;
				TARGETED_DEVICE_FAMILY = "1,2";
				TEST_HOST = "$(BUILT_PRODUCTS_DIR)/IKFashionHub.app/$(BUNDLE_EXECUTABLE_FOLDER_PATH)/IKFashionHub";
			};
			name = Release;
		};
		424907D92BAE11F3000733A6 /* Debug */ = {
			isa = XCBuildConfiguration;
			buildSettings = {
				ALWAYS_EMBED_SWIFT_STANDARD_LIBRARIES = YES;
				CODE_SIGN_STYLE = Automatic;
				CURRENT_PROJECT_VERSION = 1;
				GENERATE_INFOPLIST_FILE = YES;
				MARKETING_VERSION = 1.0;
				PRODUCT_BUNDLE_IDENTIFIER = Ishan.IKFashionHubUITests;
				PRODUCT_NAME = "$(TARGET_NAME)";
				SWIFT_EMIT_LOC_STRINGS = NO;
				SWIFT_VERSION = 5.0;
				TARGETED_DEVICE_FAMILY = "1,2";
				TEST_TARGET_NAME = IKFashionHub;
			};
			name = Debug;
		};
		424907DA2BAE11F3000733A6 /* Release */ = {
			isa = XCBuildConfiguration;
			buildSettings = {
				ALWAYS_EMBED_SWIFT_STANDARD_LIBRARIES = YES;
				CODE_SIGN_STYLE = Automatic;
				CURRENT_PROJECT_VERSION = 1;
				GENERATE_INFOPLIST_FILE = YES;
				MARKETING_VERSION = 1.0;
				PRODUCT_BUNDLE_IDENTIFIER = Ishan.IKFashionHubUITests;
				PRODUCT_NAME = "$(TARGET_NAME)";
				SWIFT_EMIT_LOC_STRINGS = NO;
				SWIFT_VERSION = 5.0;
				TARGETED_DEVICE_FAMILY = "1,2";
				TEST_TARGET_NAME = IKFashionHub;
			};
			name = Release;
		};
/* End XCBuildConfiguration section */

/* Begin XCConfigurationList section */
		424907A92BAE11F0000733A6 /* Build configuration list for PBXProject "IKFashionHub" */ = {
			isa = XCConfigurationList;
			buildConfigurations = (
				424907D02BAE11F3000733A6 /* Debug */,
				424907D12BAE11F3000733A6 /* Release */,
			);
			defaultConfigurationIsVisible = 0;
			defaultConfigurationName = Release;
		};
		424907D22BAE11F3000733A6 /* Build configuration list for PBXNativeTarget "IKFashionHub" */ = {
			isa = XCConfigurationList;
			buildConfigurations = (
				424907D32BAE11F3000733A6 /* Debug */,
				424907D42BAE11F3000733A6 /* Release */,
			);
			defaultConfigurationIsVisible = 0;
			defaultConfigurationName = Release;
		};
		424907D52BAE11F3000733A6 /* Build configuration list for PBXNativeTarget "IKFashionHubTests" */ = {
			isa = XCConfigurationList;
			buildConfigurations = (
				424907D62BAE11F3000733A6 /* Debug */,
				424907D72BAE11F3000733A6 /* Release */,
			);
			defaultConfigurationIsVisible = 0;
			defaultConfigurationName = Release;
		};
		424907D82BAE11F3000733A6 /* Build configuration list for PBXNativeTarget "IKFashionHubUITests" */ = {
			isa = XCConfigurationList;
			buildConfigurations = (
				424907D92BAE11F3000733A6 /* Debug */,
				424907DA2BAE11F3000733A6 /* Release */,
			);
			defaultConfigurationIsVisible = 0;
			defaultConfigurationName = Release;
		};
/* End XCConfigurationList section */
	};
	rootObject = 424907A62BAE11F0000733A6 /* Project object */;
}
